
Microsoft Visual Studio Solution File, Format Version 11.00
# Visual Studio 2010
# SharpDevelop 5.1
Project("{FAE04EC0-301F-11D3-BF4B-00C04F79EFBC}") = "Projekt", "Projekt\Projekt.csproj", "{8267CC81-B74C-44DF-AE27-1EE04D4CBF0E}"
EndProject
Global
	GlobalSection(SolutionConfigurationPlatforms) = preSolution
		Debug|Any CPU = Debug|Any CPU
		Release|Any CPU = Release|Any CPU
	EndGlobalSection
	GlobalSection(ProjectConfigurationPlatforms) = postSolution
		{8267CC81-B74C-44DF-AE27-1EE04D4CBF0E}.Debug|Any CPU.ActiveCfg = Debug|Any CPU
		{8267CC81-B74C-44DF-AE27-1EE04D4CBF0E}.Debug|Any CPU.Build.0 = Debug|Any CPU
		{8267CC81-B74C-44DF-AE27-1EE04D4CBF0E}.Release|Any CPU.ActiveCfg = Release|Any CPU
		{8267CC81-B74C-44DF-AE27-1EE04D4CBF0E}.Release|Any CPU.Build.0 = Release|Any CPU
	EndGlobalSection
EndGlobal
